
Microsoft Visual Studio Solution File, Format Version 12.00
# Visual Studio 15
VisualStudioVersion = 15.0.28307.1321
MinimumVisualStudioVersion = 10.0.40219.1
Project("{8BC9CEB8-8B4A-11D0-8D11-00A0C91BC942}") = "RBTree2", "RBTree2\RBTree2.vcxproj", "{B2799638-DE98-4971-BE29-F18B27AA2CCD}"
EndProject
Global
	GlobalSection(SolutionConfigurationPlatforms) = preSolution
		Debug|x64 = Debug|x64
		Debug|x86 = Debug|x86
		Release|x64 = Release|x64
		Release|x86 = Release|x86
	EndGlobalSection
	GlobalSection(ProjectConfigurationPlatforms) = postSolution
		{B2799638-DE98-4971-BE29-F18B27AA2CCD}.Debug|x64.ActiveCfg = Debug|x64
		{B2799638-DE98-4971-BE29-F18B27AA2CCD}.Debug|x64.Build.0 = Debug|x64
		{B2799638-DE98-4971-BE29-F18B27AA2CCD}.Debug|x86.ActiveCfg = Debug|Win32
		{B2799638-DE98-4971-BE29-F18B27AA2CCD}.Debug|x86.Build.0 = Debug|Win32
		{B2799638-DE98-4971-BE29-F18B27AA2CCD}.Release|x64.ActiveCfg = Release|x64
		{B2799638-DE98-4971-BE29-F18B27AA2CCD}.Release|x64.Build.0 = Release|x64
		{B2799638-DE98-4971-BE29-F18B27AA2CCD}.Release|x86.ActiveCfg = Release|Win32
		{B2799638-DE98-4971-BE29-F18B27AA2CCD}.Release|x86.Build.0 = Release|Win32
	EndGlobalSection
	GlobalSection(SolutionProperties) = preSolution
		HideSolutionNode = FALSE
	EndGlobalSection
	GlobalSection(ExtensibilityGlobals) = postSolution
		SolutionGuid = {B2B9FFCA-779E-41ED-BEF5-3D5F2A919C16}
	EndGlobalSection
EndGlobal
